
Microsoft Visual Studio Solution File, Format Version 12.00
# Visual Studio Version 17
VisualStudioVersion = 17.3.32804.467
MinimumVisualStudioVersion = 10.0.40219.1
Project("{FAE04EC0-301F-11D3-BF4B-00C04F79EFBC}") = "Курсач", "Курсач\Курсач.csproj", "{9A75D50D-2A5E-437E-8C2B-5432AE13159A}"
EndProject
Global
	GlobalSection(SolutionConfigurationPlatforms) = preSolution
		Debug|Any CPU = Debug|Any CPU
		Release|Any CPU = Release|Any CPU
	EndGlobalSection
	GlobalSection(ProjectConfigurationPlatforms) = postSolution
		{9A75D50D-2A5E-437E-8C2B-5432AE13159A}.Debug|Any CPU.ActiveCfg = Debug|Any CPU
		{9A75D50D-2A5E-437E-8C2B-5432AE13159A}.Debug|Any CPU.Build.0 = Debug|Any CPU
		{9A75D50D-2A5E-437E-8C2B-5432AE13159A}.Release|Any CPU.ActiveCfg = Release|Any CPU
		{9A75D50D-2A5E-437E-8C2B-5432AE13159A}.Release|Any CPU.Build.0 = Release|Any CPU
	EndGlobalSection
	GlobalSection(SolutionProperties) = preSolution
		HideSolutionNode = FALSE
	EndGlobalSection
	GlobalSection(ExtensibilityGlobals) = postSolution
		SolutionGuid = {13A0ECB5-0DA2-409B-878F-CEEDCBF3CA0B}
	EndGlobalSection
EndGlobal
